
Microsoft Visual Studio Solution File, Format Version 11.00
# Visual Studio 2010
Project("{FAE04EC0-301F-11D3-BF4B-00C04F79EFBC}") = "Spirital", "Assembly-CSharp.csproj", "{462CC51A-FF72-C9DB-C4AF-7467AF6D96BD}"
EndProject
Project("{FAE04EC0-301F-11D3-BF4B-00C04F79EFBC}") = "Spirital", "Assembly-CSharp-Editor.csproj", "{52C14578-F120-F77C-1791-D7535141616D}"
EndProject
Global
	GlobalSection(SolutionConfigurationPlatforms) = preSolution
		Debug|Any CPU = Debug|Any CPU
		Release|Any CPU = Release|Any CPU
	EndGlobalSection
	GlobalSection(ProjectConfigurationPlatforms) = postSolution
		{462CC51A-FF72-C9DB-C4AF-7467AF6D96BD}.Debug|Any CPU.ActiveCfg = Debug|Any CPU
		{462CC51A-FF72-C9DB-C4AF-7467AF6D96BD}.Debug|Any CPU.Build.0 = Debug|Any CPU
		{462CC51A-FF72-C9DB-C4AF-7467AF6D96BD}.Release|Any CPU.ActiveCfg = Release|Any CPU
		{462CC51A-FF72-C9DB-C4AF-7467AF6D96BD}.Release|Any CPU.Build.0 = Release|Any CPU
		{52C14578-F120-F77C-1791-D7535141616D}.Debug|Any CPU.ActiveCfg = Debug|Any CPU
		{52C14578-F120-F77C-1791-D7535141616D}.Debug|Any CPU.Build.0 = Debug|Any CPU
		{52C14578-F120-F77C-1791-D7535141616D}.Release|Any CPU.ActiveCfg = Release|Any CPU
		{52C14578-F120-F77C-1791-D7535141616D}.Release|Any CPU.Build.0 = Release|Any CPU
	EndGlobalSection
	GlobalSection(SolutionProperties) = preSolution
		HideSolutionNode = FALSE
	EndGlobalSection
	GlobalSection(MonoDevelopProperties) = preSolution
		StartupItem = Assembly-CSharp.csproj
	EndGlobalSection
EndGlobal
